// !$*UTF8*$!
{
	archiveVersion = 1;
	classes = {
	};
	objectVersion = 56;
	objects = {

/* Begin PBXBuildFile section */
		6744F88A2932971000159804 /* AppDelegate.swift in Sources */ = {isa = PBXBuildFile; fileRef = 6744F8892932971000159804 /* AppDelegate.swift */; };
		6744F88C2932971000159804 /* SceneDelegate.swift in Sources */ = {isa = PBXBuildFile; fileRef = 6744F88B2932971000159804 /* SceneDelegate.swift */; };
		6744F88E2932971000159804 /* MainTabBarViewController.swift in Sources */ = {isa = PBXBuildFile; fileRef = 6744F88D2932971000159804 /* MainTabBarViewController.swift */; };
		6744F8932932971100159804 /* Assets.xcassets in Resources */ = {isa = PBXBuildFile; fileRef = 6744F8922932971100159804 /* Assets.xcassets */; };
		6744F8962932971100159804 /* LaunchScreen.storyboard in Resources */ = {isa = PBXBuildFile; fileRef = 6744F8942932971100159804 /* LaunchScreen.storyboard */; };
		6744F89F2932AD9700159804 /* HomeViewController.swift in Sources */ = {isa = PBXBuildFile; fileRef = 6744F89E2932AD9700159804 /* HomeViewController.swift */; };
		6744F8A12932ADBC00159804 /* UpcomingViewController.swift in Sources */ = {isa = PBXBuildFile; fileRef = 6744F8A02932ADBC00159804 /* UpcomingViewController.swift */; };
		6744F8A32932ADC900159804 /* SearchViewController.swift in Sources */ = {isa = PBXBuildFile; fileRef = 6744F8A22932ADC900159804 /* SearchViewController.swift */; };
		6744F8A52932ADD900159804 /* DownloadsViewController.swift in Sources */ = {isa = PBXBuildFile; fileRef = 6744F8A42932ADD900159804 /* DownloadsViewController.swift */; };
		6744F8AC29334D0600159804 /* CollectionViewTableViewCell.swift in Sources */ = {isa = PBXBuildFile; fileRef = 6744F8AB29334D0600159804 /* CollectionViewTableViewCell.swift */; };
		6744F8AE29336BCF00159804 /* HeaderUIView.swift in Sources */ = {isa = PBXBuildFile; fileRef = 6744F8AD29336BCF00159804 /* HeaderUIView.swift */; };
		6744F8B02934BEFD00159804 /* APICaller.swift in Sources */ = {isa = PBXBuildFile; fileRef = 6744F8AF2934BEFD00159804 /* APICaller.swift */; };
		6744F8B22934D04400159804 /* Title.swift in Sources */ = {isa = PBXBuildFile; fileRef = 6744F8B12934D04400159804 /* Title.swift */; };
		6744F8B42934E99B00159804 /* Extensions.swift in Sources */ = {isa = PBXBuildFile; fileRef = 6744F8B32934E99B00159804 /* Extensions.swift */; };
		6744F8B82934F84300159804 /* TitleCollectionViewCell.swift in Sources */ = {isa = PBXBuildFile; fileRef = 6744F8B72934F84300159804 /* TitleCollectionViewCell.swift */; };
		6744F8BB2934FC3300159804 /* SDWebImage in Frameworks */ = {isa = PBXBuildFile; productRef = 6744F8BA2934FC3300159804 /* SDWebImage */; };
		6744F8BD2934FC3300159804 /* SDWebImageMapKit in Frameworks */ = {isa = PBXBuildFile; productRef = 6744F8BC2934FC3300159804 /* SDWebImageMapKit */; };
		6744F8BF2936817000159804 /* TitleTableViewCell.swift in Sources */ = {isa = PBXBuildFile; fileRef = 6744F8BE2936817000159804 /* TitleTableViewCell.swift */; };
		6744F8C1293693E200159804 /* TitleViewModel.swift in Sources */ = {isa = PBXBuildFile; fileRef = 6744F8C0293693E200159804 /* TitleViewModel.swift */; };
		6744F8C32937707200159804 /* SearchResultsViewController.swift in Sources */ = {isa = PBXBuildFile; fileRef = 6744F8C22937707200159804 /* SearchResultsViewController.swift */; };
		6744F8C72937B68600159804 /* YoutubeSearchResponse.swift in Sources */ = {isa = PBXBuildFile; fileRef = 6744F8C62937B68600159804 /* YoutubeSearchResponse.swift */; };
		6744F8C92937C6BF00159804 /* TitlePreviewViewController.swift in Sources */ = {isa = PBXBuildFile; fileRef = 6744F8C82937C6BF00159804 /* TitlePreviewViewController.swift */; };
		6744F8CB2937CAC600159804 /* TitlePreviewViewModel.swift in Sources */ = {isa = PBXBuildFile; fileRef = 6744F8CA2937CAC600159804 /* TitlePreviewViewModel.swift */; };
		67F42BB2293A20E100BF91A4 /* NetflixCloneModel.xcdatamodeld in Sources */ = {isa = PBXBuildFile; fileRef = 67F42BB0293A20E100BF91A4 /* NetflixCloneModel.xcdatamodeld */; };
		67F42BB4293A23E700BF91A4 /* DataPersistenceManager.swift in Sources */ = {isa = PBXBuildFile; fileRef = 67F42BB3293A23E700BF91A4 /* DataPersistenceManager.swift */; };
/* End PBXBuildFile section */

/* Begin PBXFileReference section */
		6744F8862932971000159804 /* Nextflix-Clone-App.app */ = {isa = PBXFileReference; explicitFileType = wrapper.application; includeInIndex = 0; path = "Nextflix-Clone-App.app"; sourceTree = BUILT_PRODUCTS_DIR; };
		6744F8892932971000159804 /* AppDelegate.swift */ = {isa = PBXFileReference; lastKnownFileType = sourcecode.swift; path = AppDelegate.swift; sourceTree = "<group>"; };
		6744F88B2932971000159804 /* SceneDelegate.swift */ = {isa = PBXFileReference; lastKnownFileType = sourcecode.swift; path = SceneDelegate.swift; sourceTree = "<group>"; };
		6744F88D2932971000159804 /* MainTabBarViewController.swift */ = {isa = PBXFileReference; lastKnownFileType = sourcecode.swift; path = MainTabBarViewController.swift; sourceTree = "<group>"; };
		6744F8922932971100159804 /* Assets.xcassets */ = {isa = PBXFileReference; lastKnownFileType = folder.assetcatalog; path = Assets.xcassets; sourceTree = "<group>"; };
		6744F8952932971100159804 /* Base */ = {isa = PBXFileReference; lastKnownFileType = file.storyboard; name = Base; path = Base.lproj/LaunchScreen.storyboard; sourceTree = "<group>"; };
		6744F8972932971100159804 /* Info.plist */ = {isa = PBXFileReference; lastKnownFileType = text.plist.xml; path = Info.plist; sourceTree = "<group>"; };
		6744F89E2932AD9700159804 /* HomeViewController.swift */ = {isa = PBXFileReference; lastKnownFileType = sourcecode.swift; path = HomeViewController.swift; sourceTree = "<group>"; };
		6744F8A02932ADBC00159804 /* UpcomingViewController.swift */ = {isa = PBXFileReference; lastKnownFileType = sourcecode.swift; path = UpcomingViewController.swift; sourceTree = "<group>"; };
		6744F8A22932ADC900159804 /* SearchViewController.swift */ = {isa = PBXFileReference; lastKnownFileType = sourcecode.swift; path = SearchViewController.swift; sourceTree = "<group>"; };
		6744F8A42932ADD900159804 /* DownloadsViewController.swift */ = {isa = PBXFileReference; lastKnownFileType = sourcecode.swift; path = DownloadsViewController.swift; sourceTree = "<group>"; };
		6744F8AB29334D0600159804 /* CollectionViewTableViewCell.swift */ = {isa = PBXFileReference; lastKnownFileType = sourcecode.swift; path = CollectionViewTableViewCell.swift; sourceTree = "<group>"; };
		6744F8AD29336BCF00159804 /* HeaderUIView.swift */ = {isa = PBXFileReference; lastKnownFileType = sourcecode.swift; path = HeaderUIView.swift; sourceTree = "<group>"; };
		6744F8AF2934BEFD00159804 /* APICaller.swift */ = {isa = PBXFileReference; lastKnownFileType = sourcecode.swift; path = APICaller.swift; sourceTree = "<group>"; };
		6744F8B12934D04400159804 /* Title.swift */ = {isa = PBXFileReference; lastKnownFileType = sourcecode.swift; path = Title.swift; sourceTree = "<group>"; };
		6744F8B32934E99B00159804 /* Extensions.swift */ = {isa = PBXFileReference; lastKnownFileType = sourcecode.swift; path = Extensions.swift; sourceTree = "<group>"; };
		6744F8B72934F84300159804 /* TitleCollectionViewCell.swift */ = {isa = PBXFileReference; lastKnownFileType = sourcecode.swift; path = TitleCollectionViewCell.swift; sourceTree = "<group>"; };
		6744F8BE2936817000159804 /* TitleTableViewCell.swift */ = {isa = PBXFileReference; lastKnownFileType = sourcecode.swift; path = TitleTableViewCell.swift; sourceTree = "<group>"; };
		6744F8C0293693E200159804 /* TitleViewModel.swift */ = {isa = PBXFileReference; lastKnownFileType = sourcecode.swift; path = TitleViewModel.swift; sourceTree = "<group>"; };
		6744F8C22937707200159804 /* SearchResultsViewController.swift */ = {isa = PBXFileReference; lastKnownFileType = sourcecode.swift; path = SearchResultsViewController.swift; sourceTree = "<group>"; };
		6744F8C62937B68600159804 /* YoutubeSearchResponse.swift */ = {isa = PBXFileReference; lastKnownFileType = sourcecode.swift; path = YoutubeSearchResponse.swift; sourceTree = "<group>"; };
		6744F8C82937C6BF00159804 /* TitlePreviewViewController.swift */ = {isa = PBXFileReference; lastKnownFileType = sourcecode.swift; path = TitlePreviewViewController.swift; sourceTree = "<group>"; };
		6744F8CA2937CAC600159804 /* TitlePreviewViewModel.swift */ = {isa = PBXFileReference; lastKnownFileType = sourcecode.swift; path = TitlePreviewViewModel.swift; sourceTree = "<group>"; };
		67F42BB1293A20E100BF91A4 /* NetflixCloneModel.xcdatamodel */ = {isa = PBXFileReference; lastKnownFileType = wrapper.xcdatamodel; path = NetflixCloneModel.xcdatamodel; sourceTree = "<group>"; };
		67F42BB3293A23E700BF91A4 /* DataPersistenceManager.swift */ = {isa = PBXFileReference; lastKnownFileType = sourcecode.swift; path = DataPersistenceManager.swift; sourceTree = "<group>"; };
/* End PBXFileReference section */

/* Begin PBXFrameworksBuildPhase section */
		6744F8832932971000159804 /* Frameworks */ = {
			isa = PBXFrameworksBuildPhase;
			buildActionMask = 2147483647;
			files = (
				6744F8BD2934FC3300159804 /* SDWebImageMapKit in Frameworks */,
				6744F8BB2934FC3300159804 /* SDWebImage in Frameworks */,
			);
			runOnlyForDeploymentPostprocessing = 0;
		};
/* End PBXFrameworksBuildPhase section */

/* Begin PBXGroup section */
		6744F87D2932971000159804 = {
			isa = PBXGroup;
			children = (
				67F42BB0293A20E100BF91A4 /* NetflixCloneModel.xcdatamodeld */,
				6744F8882932971000159804 /* Netflix */,
				6744F8872932971000159804 /* Products */,
			);
			sourceTree = "<group>";
		};
		6744F8872932971000159804 /* Products */ = {
			isa = PBXGroup;
			children = (
				6744F8862932971000159804 /* Nextflix-Clone-App.app */,
			);
			name = Products;
			sourceTree = "<group>";
		};
		6744F8882932971000159804 /* Netflix */ = {
			isa = PBXGroup;
			children = (
				6744F8AA29334CCF00159804 /* Managers */,
				6744F8A929334CCC00159804 /* Resources */,
				6744F8A829334CB300159804 /* Views */,
				6744F8A729334CAE00159804 /* ViewModels */,
				6744F8A629334CAC00159804 /* Models */,
				6744F89D2932AD5B00159804 /* Controllers */,
				6744F8892932971000159804 /* AppDelegate.swift */,
				6744F88B2932971000159804 /* SceneDelegate.swift */,
				6744F8922932971100159804 /* Assets.xcassets */,
				6744F8942932971100159804 /* LaunchScreen.storyboard */,
				6744F8972932971100159804 /* Info.plist */,
			);
			path = Netflix;
			sourceTree = "<group>";
		};
		6744F89D2932AD5B00159804 /* Controllers */ = {
			isa = PBXGroup;
			children = (
				6744F8C52937710F00159804 /* Other */,
				6744F8C42937710C00159804 /* Core */,
			);
			path = Controllers;
			sourceTree = "<group>";
		};
		6744F8A629334CAC00159804 /* Models */ = {
			isa = PBXGroup;
			children = (
				6744F8B12934D04400159804 /* Title.swift */,
				6744F8C62937B68600159804 /* YoutubeSearchResponse.swift */,
			);
			path = Models;
			sourceTree = "<group>";
		};
		6744F8A729334CAE00159804 /* ViewModels */ = {
			isa = PBXGroup;
			children = (
				6744F8C0293693E200159804 /* TitleViewModel.swift */,
				6744F8CA2937CAC600159804 /* TitlePreviewViewModel.swift */,
			);
			path = ViewModels;
			sourceTree = "<group>";
		};
		6744F8A829334CB300159804 /* Views */ = {
			isa = PBXGroup;
			children = (
				6744F8AB29334D0600159804 /* CollectionViewTableViewCell.swift */,
				6744F8AD29336BCF00159804 /* HeaderUIView.swift */,
				6744F8B72934F84300159804 /* TitleCollectionViewCell.swift */,
				6744F8BE2936817000159804 /* TitleTableViewCell.swift */,
			);
			path = Views;
			sourceTree = "<group>";
		};
		6744F8A929334CCC00159804 /* Resources */ = {
			isa = PBXGroup;
			children = (
				6744F8B32934E99B00159804 /* Extensions.swift */,
			);
			path = Resources;
			sourceTree = "<group>";
		};
		6744F8AA29334CCF00159804 /* Managers */ = {
			isa = PBXGroup;
			children = (
				6744F8AF2934BEFD00159804 /* APICaller.swift */,
				67F42BB3293A23E700BF91A4 /* DataPersistenceManager.swift */,
			);
			path = Managers;
			sourceTree = "<group>";
		};
		6744F8C42937710C00159804 /* Core */ = {
			isa = PBXGroup;
			children = (
				6744F88D2932971000159804 /* MainTabBarViewController.swift */,
				6744F89E2932AD9700159804 /* HomeViewController.swift */,
				6744F8A02932ADBC00159804 /* UpcomingViewController.swift */,
				6744F8A22932ADC900159804 /* SearchViewController.swift */,
				6744F8A42932ADD900159804 /* DownloadsViewController.swift */,
			);
			path = Core;
			sourceTree = "<group>";
		};
		6744F8C52937710F00159804 /* Other */ = {
			isa = PBXGroup;
			children = (
				6744F8C22937707200159804 /* SearchResultsViewController.swift */,
				6744F8C82937C6BF00159804 /* TitlePreviewViewController.swift */,
			);
			path = Other;
			sourceTree = "<group>";
		};
/* End PBXGroup section */

/* Begin PBXNativeTarget section */
		6744F8852932971000159804 /* Nextflix-Clone-App */ = {
			isa = PBXNativeTarget;
			buildConfigurationList = 6744F89A2932971100159804 /* Build configuration list for PBXNativeTarget "Nextflix-Clone-App" */;
			buildPhases = (
				6744F8822932971000159804 /* Sources */,
				6744F8832932971000159804 /* Frameworks */,
				6744F8842932971000159804 /* Resources */,
			);
			buildRules = (
			);
			dependencies = (
			);
			name = "Nextflix-Clone-App";
			packageProductDependencies = (
				6744F8BA2934FC3300159804 /* SDWebImage */,
				6744F8BC2934FC3300159804 /* SDWebImageMapKit */,
			);
			productName = "Nextflix-Clone-App";
			productReference = 6744F8862932971000159804 /* Nextflix-Clone-App.app */;
			productType = "com.apple.product-type.application";
		};
/* End PBXNativeTarget section */

/* Begin PBXProject section */
		6744F87E2932971000159804 /* Project object */ = {
			isa = PBXProject;
			attributes = {
				BuildIndependentTargetsInParallel = 1;
				LastSwiftUpdateCheck = 1400;
				LastUpgradeCheck = 1400;
				TargetAttributes = {
					6744F8852932971000159804 = {
						CreatedOnToolsVersion = 14.0.1;
					};
				};
			};
			buildConfigurationList = 6744F8812932971000159804 /* Build configuration list for PBXProject "Netflix" */;
			compatibilityVersion = "Xcode 14.0";
			developmentRegion = en;
			hasScannedForEncodings = 0;
			knownRegions = (
				en,
				Base,
			);
			mainGroup = 6744F87D2932971000159804;
			packageReferences = (
				6744F8B92934FC3300159804 /* XCRemoteSwiftPackageReference "SDWebImage" */,
			);
			productRefGroup = 6744F8872932971000159804 /* Products */;
			projectDirPath = "";
			projectRoot = "";
			targets = (
				6744F8852932971000159804 /* Nextflix-Clone-App */,
			);
		};
/* End PBXProject section */

/* Begin PBXResourcesBuildPhase section */
		6744F8842932971000159804 /* Resources */ = {
			isa = PBXResourcesBuildPhase;
			buildActionMask = 2147483647;
			files = (
				6744F8962932971100159804 /* LaunchScreen.storyboard in Resources */,
				6744F8932932971100159804 /* Assets.xcassets in Resources */,
			);
			runOnlyForDeploymentPostprocessing = 0;
		};
/* End PBXResourcesBuildPhase section */

/* Begin PBXSourcesBuildPhase section */
		6744F8822932971000159804 /* Sources */ = {
			isa = PBXSourcesBuildPhase;
			buildActionMask = 2147483647;
			files = (
				6744F8BF2936817000159804 /* TitleTableViewCell.swift in Sources */,
				6744F8A32932ADC900159804 /* SearchViewController.swift in Sources */,
				6744F8B82934F84300159804 /* TitleCollectionViewCell.swift in Sources */,
				67F42BB4293A23E700BF91A4 /* DataPersistenceManager.swift in Sources */,
				6744F88E2932971000159804 /* MainTabBarViewController.swift in Sources */,
				6744F8AC29334D0600159804 /* CollectionViewTableViewCell.swift in Sources */,
				6744F8B02934BEFD00159804 /* APICaller.swift in Sources */,
				67F42BB2293A20E100BF91A4 /* NetflixCloneModel.xcdatamodeld in Sources */,
				6744F8AE29336BCF00159804 /* HeaderUIView.swift in Sources */,
				6744F8A52932ADD900159804 /* DownloadsViewController.swift in Sources */,
				6744F88A2932971000159804 /* AppDelegate.swift in Sources */,
				6744F8C32937707200159804 /* SearchResultsViewController.swift in Sources */,
				6744F8B42934E99B00159804 /* Extensions.swift in Sources */,
				6744F8C72937B68600159804 /* YoutubeSearchResponse.swift in Sources */,
				6744F88C2932971000159804 /* SceneDelegate.swift in Sources */,
				6744F8CB2937CAC600159804 /* TitlePreviewViewModel.swift in Sources */,
				6744F8A12932ADBC00159804 /* UpcomingViewController.swift in Sources */,
				6744F8C92937C6BF00159804 /* TitlePreviewViewController.swift in Sources */,
				6744F8B22934D04400159804 /* Title.swift in Sources */,
				6744F89F2932AD9700159804 /* HomeViewController.swift in Sources */,
				6744F8C1293693E200159804 /* TitleViewModel.swift in Sources */,
			);
			runOnlyForDeploymentPostprocessing = 0;
		};
/* End PBXSourcesBuildPhase section */

/* Begin PBXVariantGroup section */
		6744F8942932971100159804 /* LaunchScreen.storyboard */ = {
			isa = PBXVariantGroup;
			children = (
				6744F8952932971100159804 /* Base */,
			);
			name = LaunchScreen.storyboard;
			sourceTree = "<group>";
		};
/* End PBXVariantGroup section */

/* Begin XCBuildConfiguration section */
		6744F8982932971100159804 /* Debug */ = {
			isa = XCBuildConfiguration;
			buildSettings = {
				ALWAYS_SEARCH_USER_PATHS = NO;
				CLANG_ANALYZER_NONNULL = YES;
				CLANG_ANALYZER_NUMBER_OBJECT_CONVERSION = YES_AGGRESSIVE;
				CLANG_CXX_LANGUAGE_STANDARD = "gnu++20";
				CLANG_ENABLE_MODULES = YES;
				CLANG_ENABLE_OBJC_ARC = YES;
				CLANG_ENABLE_OBJC_WEAK = YES;
				CLANG_WARN_BLOCK_CAPTURE_AUTORELEASING = YES;
				CLANG_WARN_BOOL_CONVERSION = YES;
				CLANG_WARN_COMMA = YES;
				CLANG_WARN_CONSTANT_CONVERSION = YES;
				CLANG_WARN_DEPRECATED_OBJC_IMPLEMENTATIONS = YES;
				CLANG_WARN_DIRECT_OBJC_ISA_USAGE = YES_ERROR;
				CLANG_WARN_DOCUMENTATION_COMMENTS = YES;
				CLANG_WARN_EMPTY_BODY = YES;
				CLANG_WARN_ENUM_CONVERSION = YES;
				CLANG_WARN_INFINITE_RECURSION = YES;
				CLANG_WARN_INT_CONVERSION = YES;
				CLANG_WARN_NON_LITERAL_NULL_CONVERSION = YES;
				CLANG_WARN_OBJC_IMPLICIT_RETAIN_SELF = YES;
				CLANG_WARN_OBJC_LITERAL_CONVERSION = YES;
				CLANG_WARN_OBJC_ROOT_CLASS = YES_ERROR;
				CLANG_WARN_QUOTED_INCLUDE_IN_FRAMEWORK_HEADER = YES;
				CLANG_WARN_RANGE_LOOP_ANALYSIS = YES;
				CLANG_WARN_STRICT_PROTOTYPES = YES;
				CLANG_WARN_SUSPICIOUS_MOVE = YES;
				CLANG_WARN_UNGUARDED_AVAILABILITY = YES_AGGRESSIVE;
				CLANG_WARN_UNREACHABLE_CODE = YES;
				CLANG_WARN__DUPLICATE_METHOD_MATCH = YES;
				COPY_PHASE_STRIP = NO;
				DEBUG_INFORMATION_FORMAT = dwarf;
				ENABLE_STRICT_OBJC_MSGSEND = YES;
				ENABLE_TESTABILITY = YES;
				GCC_C_LANGUAGE_STANDARD = gnu11;
				GCC_DYNAMIC_NO_PIC = NO;
				GCC_NO_COMMON_BLOCKS = YES;
				GCC_OPTIMIZATION_LEVEL = 0;
				GCC_PREPROCESSOR_DEFINITIONS = (
					"DEBUG=1",
					"$(inherited)",
				);
				GCC_WARN_64_TO_32_BIT_CONVERSION = YES;
				GCC_WARN_ABOUT_RETURN_TYPE = YES_ERROR;
				GCC_WARN_UNDECLARED_SELECTOR = YES;
				GCC_WARN_UNINITIALIZED_AUTOS = YES_AGGRESSIVE;
				GCC_WARN_UNUSED_FUNCTION = YES;
				GCC_WARN_UNUSED_VARIABLE = YES;
				IPHONEOS_DEPLOYMENT_TARGET = 16.0;
				MTL_ENABLE_DEBUG_INFO = INCLUDE_SOURCE;
				MTL_FAST_MATH = YES;
				ONLY_ACTIVE_ARCH = YES;
				SDKROOT = iphoneos;
				SWIFT_ACTIVE_COMPILATION_CONDITIONS = DEBUG;
				SWIFT_OPTIMIZATION_LEVEL = "-Onone";
			};
			name = Debug;
		};
		6744F8992932971100159804 /* Release */ = {
			isa = XCBuildConfiguration;
			buildSettings = {
				ALWAYS_SEARCH_USER_PATHS = NO;
				CLANG_ANALYZER_NONNULL = YES;
				CLANG_ANALYZER_NUMBER_OBJECT_CONVERSION = YES_AGGRESSIVE;
				CLANG_CXX_LANGUAGE_STANDARD = "gnu++20";
				CLANG_ENABLE_MODULES = YES;
				CLANG_ENABLE_OBJC_ARC = YES;
				CLANG_ENABLE_OBJC_WEAK = YES;
				CLANG_WARN_BLOCK_CAPTURE_AUTORELEASING = YES;
				CLANG_WARN_BOOL_CONVERSION = YES;
				CLANG_WARN_COMMA = YES;
				CLANG_WARN_CONSTANT_CONVERSION = YES;
				CLANG_WARN_DEPRECATED_OBJC_IMPLEMENTATIONS = YES;
				CLANG_WARN_DIRECT_OBJC_ISA_USAGE = YES_ERROR;
				CLANG_WARN_DOCUMENTATION_COMMENTS = YES;
				CLANG_WARN_EMPTY_BODY = YES;
				CLANG_WARN_ENUM_CONVERSION = YES;
				CLANG_WARN_INFINITE_RECURSION = YES;
				CLANG_WARN_INT_CONVERSION = YES;
				CLANG_WARN_NON_LITERAL_NULL_CONVERSION = YES;
				CLANG_WARN_OBJC_IMPLICIT_RETAIN_SELF = YES;
				CLANG_WARN_OBJC_LITERAL_CONVERSION = YES;
				CLANG_WARN_OBJC_ROOT_CLASS = YES_ERROR;
				CLANG_WARN_QUOTED_INCLUDE_IN_FRAMEWORK_HEADER = YES;
				CLANG_WARN_RANGE_LOOP_ANALYSIS = YES;
				CLANG_WARN_STRICT_PROTOTYPES = YES;
				CLANG_WARN_SUSPICIOUS_MOVE = YES;
				CLANG_WARN_UNGUARDED_AVAILABILITY = YES_AGGRESSIVE;
				CLANG_WARN_UNREACHABLE_CODE = YES;
				CLANG_WARN__DUPLICATE_METHOD_MATCH = YES;
				COPY_PHASE_STRIP = NO;
				DEBUG_INFORMATION_FORMAT = "dwarf-with-dsym";
				ENABLE_NS_ASSERTIONS = NO;
				ENABLE_STRICT_OBJC_MSGSEND = YES;
				GCC_C_LANGUAGE_STANDARD = gnu11;
				GCC_NO_COMMON_BLOCKS = YES;
				GCC_WARN_64_TO_32_BIT_CONVERSION = YES;
				GCC_WARN_ABOUT_RETURN_TYPE = YES_ERROR;
				GCC_WARN_UNDECLARED_SELECTOR = YES;
				GCC_WARN_UNINITIALIZED_AUTOS = YES_AGGRESSIVE;
				GCC_WARN_UNUSED_FUNCTION = YES;
				GCC_WARN_UNUSED_VARIABLE = YES;
				IPHONEOS_DEPLOYMENT_TARGET = 16.0;
				MTL_ENABLE_DEBUG_INFO = NO;
				MTL_FAST_MATH = YES;
				SDKROOT = iphoneos;
				SWIFT_COMPILATION_MODE = wholemodule;
				SWIFT_OPTIMIZATION_LEVEL = "-O";
				VALIDATE_PRODUCT = YES;
			};
			name = Release;
		};
		6744F89B2932971100159804 /* Debug */ = {
			isa = XCBuildConfiguration;
			buildSettings = {
				ASSETCATALOG_COMPILER_APPICON_NAME = AppIcon;
				ASSETCATALOG_COMPILER_GLOBAL_ACCENT_COLOR_NAME = AccentColor;
				CODE_SIGN_STYLE = Automatic;
				CURRENT_PROJECT_VERSION = 1;
				DEVELOPMENT_TEAM = XF47MVN3FY;
				GENERATE_INFOPLIST_FILE = YES;
				INFOPLIST_FILE = "Nextflix-Clone-App/Info.plist";
				INFOPLIST_KEY_UIApplicationSupportsIndirectInputEvents = YES;
				INFOPLIST_KEY_UILaunchStoryboardName = LaunchScreen;
				INFOPLIST_KEY_UISupportedInterfaceOrientations = UIInterfaceOrientationPortrait;
				IPHONEOS_DEPLOYMENT_TARGET = 14.0;
				LD_RUNPATH_SEARCH_PATHS = (
					"$(inherited)",
					"@executable_path/Frameworks",
				);
				MARKETING_VERSION = 1.0;
				PRODUCT_BUNDLE_IDENTIFIER = "com.Tomi.Nextflix-Clone-App";
				PRODUCT_NAME = "$(TARGET_NAME)";
				SWIFT_EMIT_LOC_STRINGS = YES;
				SWIFT_VERSION = 5.0;
				TARGETED_DEVICE_FAMILY = "1,2";
			};
			name = Debug;
		};
		6744F89C2932971100159804 /* Release */ = {
			isa = XCBuildConfiguration;
			buildSettings = {
				ASSETCATALOG_COMPILER_APPICON_NAME = AppIcon;
				ASSETCATALOG_COMPILER_GLOBAL_ACCENT_COLOR_NAME = AccentColor;
				CODE_SIGN_STYLE = Automatic;
				CURRENT_PROJECT_VERSION = 1;
				DEVELOPMENT_TEAM = XF47MVN3FY;
				GENERATE_INFOPLIST_FILE = YES;
				INFOPLIST_FILE = "Nextflix-Clone-App/Info.plist";
				INFOPLIST_KEY_UIApplicationSupportsIndirectInputEvents = YES;
				INFOPLIST_KEY_UILaunchStoryboardName = LaunchScreen;
				INFOPLIST_KEY_UISupportedInterfaceOrientations = UIInterfaceOrientationPortrait;
				IPHONEOS_DEPLOYMENT_TARGET = 14.0;
				LD_RUNPATH_SEARCH_PATHS = (
					"$(inherited)",
					"@executable_path/Frameworks",
				);
				MARKETING_VERSION = 1.0;
				PRODUCT_BUNDLE_IDENTIFIER = "com.Tomi.Nextflix-Clone-App";
				PRODUCT_NAME = "$(TARGET_NAME)";
				SWIFT_EMIT_LOC_STRINGS = YES;
				SWIFT_VERSION = 5.0;
				TARGETED_DEVICE_FAMILY = "1,2";
			};
			name = Release;
		};
/* End XCBuildConfiguration section */

/* Begin XCConfigurationList section */
		6744F8812932971000159804 /* Build configuration list for PBXProject "Netflix" */ = {
			isa = XCConfigurationList;
			buildConfigurations = (
				6744F8982932971100159804 /* Debug */,
				6744F8992932971100159804 /* Release */,
			);
			defaultConfigurationIsVisible = 0;
			defaultConfigurationName = Release;
		};
		6744F89A2932971100159804 /* Build configuration list for PBXNativeTarget "Nextflix-Clone-App" */ = {
			isa = XCConfigurationList;
			buildConfigurations = (
				6744F89B2932971100159804 /* Debug */,
				6744F89C2932971100159804 /* Release */,
			);
			defaultConfigurationIsVisible = 0;
			defaultConfigurationName = Release;
		};
/* End XCConfigurationList section */

/* Begin XCRemoteSwiftPackageReference section */
		6744F8B92934FC3300159804 /* XCRemoteSwiftPackageReference "SDWebImage" */ = {
			isa = XCRemoteSwiftPackageReference;
			repositoryURL = "https://github.com/SDWebImage/SDWebImage.git";
			requirement = {
				kind = upToNextMajorVersion;
				minimumVersion = 5.0.0;
			};
		};
/* End XCRemoteSwiftPackageReference section */

/* Begin XCSwiftPackageProductDependency section */
		6744F8BA2934FC3300159804 /* SDWebImage */ = {
			isa = XCSwiftPackageProductDependency;
			package = 6744F8B92934FC3300159804 /* XCRemoteSwiftPackageReference "SDWebImage" */;
			productName = SDWebImage;
		};
		6744F8BC2934FC3300159804 /* SDWebImageMapKit */ = {
			isa = XCSwiftPackageProductDependency;
			package = 6744F8B92934FC3300159804 /* XCRemoteSwiftPackageReference "SDWebImage" */;
			productName = SDWebImageMapKit;
		};
/* End XCSwiftPackageProductDependency section */

/* Begin XCVersionGroup section */
		67F42BB0293A20E100BF91A4 /* NetflixCloneModel.xcdatamodeld */ = {
			isa = XCVersionGroup;
			children = (
				67F42BB1293A20E100BF91A4 /* NetflixCloneModel.xcdatamodel */,
			);
			currentVersion = 67F42BB1293A20E100BF91A4 /* NetflixCloneModel.xcdatamodel */;
			path = NetflixCloneModel.xcdatamodeld;
			sourceTree = "<group>";
			versionGroupType = wrapper.xcdatamodel;
		};
/* End XCVersionGroup section */
	};
	rootObject = 6744F87E2932971000159804 /* Project object */;
}
